
Microsoft Visual Studio Solution File, Format Version 12.00
# Visual Studio Version 17
VisualStudioVersion = 17.9.34723.18
MinimumVisualStudioVersion = 10.0.40219.1
Project("{FAE04EC0-301F-11D3-BF4B-00C04F79EFBC}") = "KTest", "KTest\KTest.csproj", "{2AEEB4B2-A9BA-45D2-B4B4-87F8DA7131DD}"
EndProject
Global
	GlobalSection(SolutionConfigurationPlatforms) = preSolution
		Debug|Any CPU = Debug|Any CPU
		Release|Any CPU = Release|Any CPU
	EndGlobalSection
	GlobalSection(ProjectConfigurationPlatforms) = postSolution
		{2AEEB4B2-A9BA-45D2-B4B4-87F8DA7131DD}.Debug|Any CPU.ActiveCfg = Debug|Any CPU
		{2AEEB4B2-A9BA-45D2-B4B4-87F8DA7131DD}.Debug|Any CPU.Build.0 = Debug|Any CPU
		{2AEEB4B2-A9BA-45D2-B4B4-87F8DA7131DD}.Release|Any CPU.ActiveCfg = Release|Any CPU
		{2AEEB4B2-A9BA-45D2-B4B4-87F8DA7131DD}.Release|Any CPU.Build.0 = Release|Any CPU
	EndGlobalSection
	GlobalSection(SolutionProperties) = preSolution
		HideSolutionNode = FALSE
	EndGlobalSection
	GlobalSection(ExtensibilityGlobals) = postSolution
		SolutionGuid = {8EE27A11-888D-4486-A528-AD71E5D5DA87}
	EndGlobalSection
EndGlobal
